
Microsoft Visual Studio Solution File, Format Version 12.00
# Visual Studio Version 17
VisualStudioVersion = 17.1.32414.318
MinimumVisualStudioVersion = 10.0.40219.1
Project("{9A19103F-16F7-4668-BE54-9A1E7A4F7556}") = "MonPremierProjetConsole", "MonPremierProjetConsole\MonPremierProjetConsole.csproj", "{AC3360FD-FBE1-4A6F-8AF2-D30B65179AB6}"
EndProject
Project("{FAE04EC0-301F-11D3-BF4B-00C04F79EFBC}") = "ConsoleApp1", "ConsoleApp1\ConsoleApp1.csproj", "{F4C1A4BC-FE76-4DD2-B59D-C6F3DA45F275}"
EndProject
Global
	GlobalSection(SolutionConfigurationPlatforms) = preSolution
		Debug|Any CPU = Debug|Any CPU
		Release|Any CPU = Release|Any CPU
	EndGlobalSection
	GlobalSection(ProjectConfigurationPlatforms) = postSolution
		{AC3360FD-FBE1-4A6F-8AF2-D30B65179AB6}.Debug|Any CPU.ActiveCfg = Debug|Any CPU
		{AC3360FD-FBE1-4A6F-8AF2-D30B65179AB6}.Debug|Any CPU.Build.0 = Debug|Any CPU
		{AC3360FD-FBE1-4A6F-8AF2-D30B65179AB6}.Release|Any CPU.ActiveCfg = Release|Any CPU
		{AC3360FD-FBE1-4A6F-8AF2-D30B65179AB6}.Release|Any CPU.Build.0 = Release|Any CPU
		{F4C1A4BC-FE76-4DD2-B59D-C6F3DA45F275}.Debug|Any CPU.ActiveCfg = Debug|Any CPU
		{F4C1A4BC-FE76-4DD2-B59D-C6F3DA45F275}.Debug|Any CPU.Build.0 = Debug|Any CPU
		{F4C1A4BC-FE76-4DD2-B59D-C6F3DA45F275}.Release|Any CPU.ActiveCfg = Release|Any CPU
		{F4C1A4BC-FE76-4DD2-B59D-C6F3DA45F275}.Release|Any CPU.Build.0 = Release|Any CPU
	EndGlobalSection
	GlobalSection(SolutionProperties) = preSolution
		HideSolutionNode = FALSE
	EndGlobalSection
	GlobalSection(ExtensibilityGlobals) = postSolution
		SolutionGuid = {B22A53A6-FFEB-4F89-9110-85E4BC9D4D98}
	EndGlobalSection
EndGlobal
